
Microsoft Visual Studio Solution File, Format Version 12.00
# Visual Studio Version 16
VisualStudioVersion = 16.0.32002.261
MinimumVisualStudioVersion = 10.0.40219.1
Project("{9A19103F-16F7-4668-BE54-9A1E7A4F7556}") = "API", "API\API.csproj", "{4C8A722D-A912-4578-8203-07130DCC6979}"
EndProject
Project("{FAE04EC0-301F-11D3-BF4B-00C04F79EFBC}") = "Core", "Core\Core.csproj", "{A8E326C1-59A2-4160-A1F6-523084AA5FDC}"
EndProject
Global
	GlobalSection(SolutionConfigurationPlatforms) = preSolution
		Debug|Any CPU = Debug|Any CPU
		Release|Any CPU = Release|Any CPU
	EndGlobalSection
	GlobalSection(ProjectConfigurationPlatforms) = postSolution
		{4C8A722D-A912-4578-8203-07130DCC6979}.Debug|Any CPU.ActiveCfg = Debug|Any CPU
		{4C8A722D-A912-4578-8203-07130DCC6979}.Debug|Any CPU.Build.0 = Debug|Any CPU
		{4C8A722D-A912-4578-8203-07130DCC6979}.Release|Any CPU.ActiveCfg = Release|Any CPU
		{4C8A722D-A912-4578-8203-07130DCC6979}.Release|Any CPU.Build.0 = Release|Any CPU
		{A8E326C1-59A2-4160-A1F6-523084AA5FDC}.Debug|Any CPU.ActiveCfg = Debug|Any CPU
		{A8E326C1-59A2-4160-A1F6-523084AA5FDC}.Debug|Any CPU.Build.0 = Debug|Any CPU
		{A8E326C1-59A2-4160-A1F6-523084AA5FDC}.Release|Any CPU.ActiveCfg = Release|Any CPU
		{A8E326C1-59A2-4160-A1F6-523084AA5FDC}.Release|Any CPU.Build.0 = Release|Any CPU
	EndGlobalSection
	GlobalSection(SolutionProperties) = preSolution
		HideSolutionNode = FALSE
	EndGlobalSection
	GlobalSection(ExtensibilityGlobals) = postSolution
		SolutionGuid = {E1D9F0CD-0BB3-46D1-BEBE-76A1CBFC4A51}
	EndGlobalSection
EndGlobal
